
Microsoft Visual Studio Solution File, Format Version 12.00
# Visual Studio Version 17
VisualStudioVersion = 17.11.35327.3
MinimumVisualStudioVersion = 10.0.40219.1
Project("{FAE04EC0-301F-11D3-BF4B-00C04F79EFBC}") = "TransacoesAPI", "TransacoesAPI\TransacoesAPI.csproj", "{59F97FE0-5374-474A-87DB-E566AF66EFCD}"
EndProject
Project("{FAE04EC0-301F-11D3-BF4B-00C04F79EFBC}") = "TransacoesAPI.Shared.Modelos", "TransacoesAPI.Shared.Modelos\TransacoesAPI.Shared.Modelos.csproj", "{F6B2EAFA-231D-42FE-9061-E5AF16326B06}"
EndProject
Global
	GlobalSection(SolutionConfigurationPlatforms) = preSolution
		Debug|Any CPU = Debug|Any CPU
		Release|Any CPU = Release|Any CPU
	EndGlobalSection
	GlobalSection(ProjectConfigurationPlatforms) = postSolution
		{59F97FE0-5374-474A-87DB-E566AF66EFCD}.Debug|Any CPU.ActiveCfg = Debug|Any CPU
		{59F97FE0-5374-474A-87DB-E566AF66EFCD}.Debug|Any CPU.Build.0 = Debug|Any CPU
		{59F97FE0-5374-474A-87DB-E566AF66EFCD}.Release|Any CPU.ActiveCfg = Release|Any CPU
		{59F97FE0-5374-474A-87DB-E566AF66EFCD}.Release|Any CPU.Build.0 = Release|Any CPU
		{F6B2EAFA-231D-42FE-9061-E5AF16326B06}.Debug|Any CPU.ActiveCfg = Debug|Any CPU
		{F6B2EAFA-231D-42FE-9061-E5AF16326B06}.Debug|Any CPU.Build.0 = Debug|Any CPU
		{F6B2EAFA-231D-42FE-9061-E5AF16326B06}.Release|Any CPU.ActiveCfg = Release|Any CPU
		{F6B2EAFA-231D-42FE-9061-E5AF16326B06}.Release|Any CPU.Build.0 = Release|Any CPU
	EndGlobalSection
	GlobalSection(SolutionProperties) = preSolution
		HideSolutionNode = FALSE
	EndGlobalSection
	GlobalSection(ExtensibilityGlobals) = postSolution
		SolutionGuid = {131D5382-E154-42A5-BAC9-14CA47737E13}
	EndGlobalSection
EndGlobal
